
Microsoft Visual Studio Solution File, Format Version 12.00
# Visual Studio Version 17
VisualStudioVersion = 17.11.35303.130
MinimumVisualStudioVersion = 10.0.40219.1
Project("{FAE04EC0-301F-11D3-BF4B-00C04F79EFBC}") = "PrimeiroPrograma", "PrimeiroPrograma\PrimeiroPrograma.csproj", "{C5F7EA4D-8F9B-4628-B2BF-60CECB900B0E}"
EndProject
Global
	GlobalSection(SolutionConfigurationPlatforms) = preSolution
		Debug|Any CPU = Debug|Any CPU
		Release|Any CPU = Release|Any CPU
	EndGlobalSection
	GlobalSection(ProjectConfigurationPlatforms) = postSolution
		{C5F7EA4D-8F9B-4628-B2BF-60CECB900B0E}.Debug|Any CPU.ActiveCfg = Debug|Any CPU
		{C5F7EA4D-8F9B-4628-B2BF-60CECB900B0E}.Debug|Any CPU.Build.0 = Debug|Any CPU
		{C5F7EA4D-8F9B-4628-B2BF-60CECB900B0E}.Release|Any CPU.ActiveCfg = Release|Any CPU
		{C5F7EA4D-8F9B-4628-B2BF-60CECB900B0E}.Release|Any CPU.Build.0 = Release|Any CPU
	EndGlobalSection
	GlobalSection(SolutionProperties) = preSolution
		HideSolutionNode = FALSE
	EndGlobalSection
	GlobalSection(ExtensibilityGlobals) = postSolution
		SolutionGuid = {8FE59D83-AD24-4857-A6B2-7E44DFA758BD}
	EndGlobalSection
EndGlobal
